
Microsoft Visual Studio Solution File, Format Version 12.00
# Visual Studio Version 17
VisualStudioVersion = 17.4.33122.133
MinimumVisualStudioVersion = 10.0.40219.1
Project("{2150E333-8FDC-42A3-9474-1A3956D46DE8}") = "App", "App", "{35ACBB1C-B63E-4651-872C-2BC92622CD5B}"
EndProject
Project("{2150E333-8FDC-42A3-9474-1A3956D46DE8}") = "PresenterService", "PresenterService", "{EFF247A6-51C4-4FE7-8066-519FAEA42B31}"
EndProject
Project("{2150E333-8FDC-42A3-9474-1A3956D46DE8}") = "Front", "Front", "{5B2CADF2-1748-43C2-ADDA-31A3E1EBC802}"
EndProject
Project("{2150E333-8FDC-42A3-9474-1A3956D46DE8}") = "Application", "Application", "{B3BF00EF-A8ED-4B01-85F4-3665E9AB3872}"
EndProject
Project("{2150E333-8FDC-42A3-9474-1A3956D46DE8}") = "ReceiverService", "ReceiverService", "{DD95D25D-095B-4FDD-842A-362B2E066B02}"
EndProject
Project("{2150E333-8FDC-42A3-9474-1A3956D46DE8}") = "Application", "Application", "{5F4D7C63-938C-4C4D-B73F-D34287148C20}"
EndProject
Project("{2150E333-8FDC-42A3-9474-1A3956D46DE8}") = "Domain", "Domain", "{74F74F51-4EC2-47F7-A567-0008C9FB0C55}"
EndProject
Project("{2150E333-8FDC-42A3-9474-1A3956D46DE8}") = "Infrastructure", "Infrastructure", "{6FC10358-3043-4ABC-B594-B634B52DB35B}"
EndProject
Project("{2150E333-8FDC-42A3-9474-1A3956D46DE8}") = "Domain", "Domain", "{7C2E8B65-C792-4A26-B701-0D4CFE3323FE}"
EndProject
Project("{2150E333-8FDC-42A3-9474-1A3956D46DE8}") = "Infrastructure", "Infrastructure", "{4B9B1EB3-9133-4DD3-9DB5-3F5A8ED8FDEC}"
EndProject
Project("{2150E333-8FDC-42A3-9474-1A3956D46DE8}") = "AdminService", "AdminService", "{6BF28FA7-B6AD-4FE9-AEC2-290BD061274E}"
EndProject
Project("{2150E333-8FDC-42A3-9474-1A3956D46DE8}") = "Application", "Application", "{8EEF00ED-C282-438C-9F86-D83CFA930C67}"
EndProject
Project("{2150E333-8FDC-42A3-9474-1A3956D46DE8}") = "Domain", "Domain", "{4E5CB1D6-6A0B-44E2-852E-FBFFE6B10F55}"
EndProject
Project("{2150E333-8FDC-42A3-9474-1A3956D46DE8}") = "Infrastructure", "Infrastructure", "{32728EEA-3469-4525-A1CD-18A68D51897E}"
EndProject
Project("{9A19103F-16F7-4668-BE54-9A1E7A4F7556}") = "AdminService.Domain.Core", "App\AdminService\Domain\AdminService.Domain.Core\AdminService.Domain.Core.csproj", "{43BACF64-6F71-4060-A6E8-02B379B8277E}"
EndProject
Project("{9A19103F-16F7-4668-BE54-9A1E7A4F7556}") = "AdminService.Domain.Interfaces", "App\AdminService\Domain\AdminService.Domain.Interfaces\AdminService.Domain.Interfaces.csproj", "{4B44DB19-AC3B-4C1A-ADB7-7EE8F5D2CFA0}"
EndProject
Project("{9A19103F-16F7-4668-BE54-9A1E7A4F7556}") = "AdminService.Application", "App\AdminService\Application\AdminService.Application\AdminService.Application.csproj", "{4AD38A06-FFE6-4CB1-A981-137930E87B8F}"
EndProject
Project("{9A19103F-16F7-4668-BE54-9A1E7A4F7556}") = "AdminService.Infrastructure", "App\AdminService\Infrastructure\AdminService.Infrastructure\AdminService.Infrastructure.csproj", "{7A657E88-BB1D-4DD5-8522-DBBA0DF22793}"
EndProject
Project("{9A19103F-16F7-4668-BE54-9A1E7A4F7556}") = "PresenterService.Application", "App\PresenterService\Application\PresenterService.Application\PresenterService.Application.csproj", "{B106C20C-BF0E-4923-A6ED-CE694EEFA07C}"
EndProject
Project("{9A19103F-16F7-4668-BE54-9A1E7A4F7556}") = "PresenterService.Domain.Core", "App\PresenterService\Domain\PresenterService.Domain.Core\PresenterService.Domain.Core.csproj", "{4CE6328D-5BE7-4962-9734-AC9444F11BBC}"
EndProject
Project("{9A19103F-16F7-4668-BE54-9A1E7A4F7556}") = "PresenterService.Domain.Interfaces", "App\PresenterService\Domain\PresenterService.Domain.Interfaces\PresenterService.Domain.Interfaces.csproj", "{C2D92F60-0119-4FEF-B7DD-24BE20CCBCDC}"
EndProject
Project("{9A19103F-16F7-4668-BE54-9A1E7A4F7556}") = "PresenterService.Infrastructure", "App\PresenterService\Infrastructure\PresenterService.Infrastructure\PresenterService.Infrastructure.csproj", "{E61868A1-10E2-4C40-8069-2AA5EE03A0C4}"
EndProject
Project("{9A19103F-16F7-4668-BE54-9A1E7A4F7556}") = "ReceiverService.Application", "App\ReceiverService\Application\ReceiverService.Application\ReceiverService.Application.csproj", "{CBA89A5B-08BF-494D-8DA5-B9B3812AF581}"
EndProject
Project("{9A19103F-16F7-4668-BE54-9A1E7A4F7556}") = "ReceiverService.Domain.Core", "App\ReceiverService\Domain\ReceiverService.Domain.Core\ReceiverService.Domain.Core.csproj", "{3ECFFF94-02D0-465E-8DC7-532707DFE3DC}"
EndProject
Project("{9A19103F-16F7-4668-BE54-9A1E7A4F7556}") = "ReceiverService.Domain.Interfaces", "App\ReceiverService\Domain\ReceiverService.Domain.Interfaces\ReceiverService.Domain.Interfaces.csproj", "{EB54B619-1089-4235-9C4E-57B266E88CE2}"
EndProject
Project("{9A19103F-16F7-4668-BE54-9A1E7A4F7556}") = "ReceiverService.Infrastructure", "App\ReceiverService\Infrastructure\ReceiverService.Infrastructure\ReceiverService.Infrastructure.csproj", "{50D54C80-5431-487E-B5A6-93B43A0575BF}"
EndProject
Project("{9A19103F-16F7-4668-BE54-9A1E7A4F7556}") = "AdminService.API", "App\AdminService\AdminService.API\AdminService.API.csproj", "{C229DC50-3A9C-45B8-AFB2-765234151170}"
EndProject
Project("{9A19103F-16F7-4668-BE54-9A1E7A4F7556}") = "PresenterService.API", "App\PresenterService\PresenterService.API\PresenterService.API.csproj", "{2A471073-3310-447F-91A4-2BBFE65107FA}"
EndProject
Project("{9A19103F-16F7-4668-BE54-9A1E7A4F7556}") = "ReceiverService.API", "App\ReceiverService\ReceiverService.API\ReceiverService.API.csproj", "{6712C106-6812-47DD-8730-BDB04212956A}"
EndProject
Project("{2150E333-8FDC-42A3-9474-1A3956D46DE8}") = "BuildingBlocks", "BuildingBlocks", "{2429114D-3F18-4FE4-977E-A69C8079C8B1}"
EndProject
Project("{9A19103F-16F7-4668-BE54-9A1E7A4F7556}") = "EventBus", "App\BuildingBlocks\EventBus\EventBus.csproj", "{664D8624-CB84-468D-8CFA-38187255E87C}"
EndProject
Project("{2150E333-8FDC-42A3-9474-1A3956D46DE8}") = "IdentityService", "IdentityService", "{19454027-D4AF-4940-828C-558B89F6EAE9}"
EndProject
Project("{9A19103F-16F7-4668-BE54-9A1E7A4F7556}") = "IdentityService", "App\IdentityService\IdentityService\IdentityService.csproj", "{ADB471C5-D0DD-4916-8979-A6EA065E319E}"
EndProject
Project("{FAE04EC0-301F-11D3-BF4B-00C04F79EFBC}") = "JwtAuth", "App\BuildingBlocks\JwtAuth\JwtAuth.csproj", "{91E6E7A7-FB97-4EAD-AD21-326E04036628}"
EndProject
Global
	GlobalSection(SolutionConfigurationPlatforms) = preSolution
		Debug|Any CPU = Debug|Any CPU
		Release|Any CPU = Release|Any CPU
	EndGlobalSection
	GlobalSection(ProjectConfigurationPlatforms) = postSolution
		{43BACF64-6F71-4060-A6E8-02B379B8277E}.Debug|Any CPU.ActiveCfg = Debug|Any CPU
		{43BACF64-6F71-4060-A6E8-02B379B8277E}.Debug|Any CPU.Build.0 = Debug|Any CPU
		{43BACF64-6F71-4060-A6E8-02B379B8277E}.Release|Any CPU.ActiveCfg = Release|Any CPU
		{43BACF64-6F71-4060-A6E8-02B379B8277E}.Release|Any CPU.Build.0 = Release|Any CPU
		{4B44DB19-AC3B-4C1A-ADB7-7EE8F5D2CFA0}.Debug|Any CPU.ActiveCfg = Debug|Any CPU
		{4B44DB19-AC3B-4C1A-ADB7-7EE8F5D2CFA0}.Debug|Any CPU.Build.0 = Debug|Any CPU
		{4B44DB19-AC3B-4C1A-ADB7-7EE8F5D2CFA0}.Release|Any CPU.ActiveCfg = Release|Any CPU
		{4B44DB19-AC3B-4C1A-ADB7-7EE8F5D2CFA0}.Release|Any CPU.Build.0 = Release|Any CPU
		{4AD38A06-FFE6-4CB1-A981-137930E87B8F}.Debug|Any CPU.ActiveCfg = Debug|Any CPU
		{4AD38A06-FFE6-4CB1-A981-137930E87B8F}.Debug|Any CPU.Build.0 = Debug|Any CPU
		{4AD38A06-FFE6-4CB1-A981-137930E87B8F}.Release|Any CPU.ActiveCfg = Release|Any CPU
		{4AD38A06-FFE6-4CB1-A981-137930E87B8F}.Release|Any CPU.Build.0 = Release|Any CPU
		{7A657E88-BB1D-4DD5-8522-DBBA0DF22793}.Debug|Any CPU.ActiveCfg = Debug|Any CPU
		{7A657E88-BB1D-4DD5-8522-DBBA0DF22793}.Debug|Any CPU.Build.0 = Debug|Any CPU
		{7A657E88-BB1D-4DD5-8522-DBBA0DF22793}.Release|Any CPU.ActiveCfg = Release|Any CPU
		{7A657E88-BB1D-4DD5-8522-DBBA0DF22793}.Release|Any CPU.Build.0 = Release|Any CPU
		{B106C20C-BF0E-4923-A6ED-CE694EEFA07C}.Debug|Any CPU.ActiveCfg = Debug|Any CPU
		{B106C20C-BF0E-4923-A6ED-CE694EEFA07C}.Debug|Any CPU.Build.0 = Debug|Any CPU
		{B106C20C-BF0E-4923-A6ED-CE694EEFA07C}.Release|Any CPU.ActiveCfg = Release|Any CPU
		{B106C20C-BF0E-4923-A6ED-CE694EEFA07C}.Release|Any CPU.Build.0 = Release|Any CPU
		{4CE6328D-5BE7-4962-9734-AC9444F11BBC}.Debug|Any CPU.ActiveCfg = Debug|Any CPU
		{4CE6328D-5BE7-4962-9734-AC9444F11BBC}.Debug|Any CPU.Build.0 = Debug|Any CPU
		{4CE6328D-5BE7-4962-9734-AC9444F11BBC}.Release|Any CPU.ActiveCfg = Release|Any CPU
		{4CE6328D-5BE7-4962-9734-AC9444F11BBC}.Release|Any CPU.Build.0 = Release|Any CPU
		{C2D92F60-0119-4FEF-B7DD-24BE20CCBCDC}.Debug|Any CPU.ActiveCfg = Debug|Any CPU
		{C2D92F60-0119-4FEF-B7DD-24BE20CCBCDC}.Debug|Any CPU.Build.0 = Debug|Any CPU
		{C2D92F60-0119-4FEF-B7DD-24BE20CCBCDC}.Release|Any CPU.ActiveCfg = Release|Any CPU
		{C2D92F60-0119-4FEF-B7DD-24BE20CCBCDC}.Release|Any CPU.Build.0 = Release|Any CPU
		{E61868A1-10E2-4C40-8069-2AA5EE03A0C4}.Debug|Any CPU.ActiveCfg = Debug|Any CPU
		{E61868A1-10E2-4C40-8069-2AA5EE03A0C4}.Debug|Any CPU.Build.0 = Debug|Any CPU
		{E61868A1-10E2-4C40-8069-2AA5EE03A0C4}.Release|Any CPU.ActiveCfg = Release|Any CPU
		{E61868A1-10E2-4C40-8069-2AA5EE03A0C4}.Release|Any CPU.Build.0 = Release|Any CPU
		{CBA89A5B-08BF-494D-8DA5-B9B3812AF581}.Debug|Any CPU.ActiveCfg = Debug|Any CPU
		{CBA89A5B-08BF-494D-8DA5-B9B3812AF581}.Debug|Any CPU.Build.0 = Debug|Any CPU
		{CBA89A5B-08BF-494D-8DA5-B9B3812AF581}.Release|Any CPU.ActiveCfg = Release|Any CPU
		{CBA89A5B-08BF-494D-8DA5-B9B3812AF581}.Release|Any CPU.Build.0 = Release|Any CPU
		{3ECFFF94-02D0-465E-8DC7-532707DFE3DC}.Debug|Any CPU.ActiveCfg = Debug|Any CPU
		{3ECFFF94-02D0-465E-8DC7-532707DFE3DC}.Debug|Any CPU.Build.0 = Debug|Any CPU
		{3ECFFF94-02D0-465E-8DC7-532707DFE3DC}.Release|Any CPU.ActiveCfg = Release|Any CPU
		{3ECFFF94-02D0-465E-8DC7-532707DFE3DC}.Release|Any CPU.Build.0 = Release|Any CPU
		{EB54B619-1089-4235-9C4E-57B266E88CE2}.Debug|Any CPU.ActiveCfg = Debug|Any CPU
		{EB54B619-1089-4235-9C4E-57B266E88CE2}.Debug|Any CPU.Build.0 = Debug|Any CPU
		{EB54B619-1089-4235-9C4E-57B266E88CE2}.Release|Any CPU.ActiveCfg = Release|Any CPU
		{EB54B619-1089-4235-9C4E-57B266E88CE2}.Release|Any CPU.Build.0 = Release|Any CPU
		{50D54C80-5431-487E-B5A6-93B43A0575BF}.Debug|Any CPU.ActiveCfg = Debug|Any CPU
		{50D54C80-5431-487E-B5A6-93B43A0575BF}.Debug|Any CPU.Build.0 = Debug|Any CPU
		{50D54C80-5431-487E-B5A6-93B43A0575BF}.Release|Any CPU.ActiveCfg = Release|Any CPU
		{50D54C80-5431-487E-B5A6-93B43A0575BF}.Release|Any CPU.Build.0 = Release|Any CPU
		{C229DC50-3A9C-45B8-AFB2-765234151170}.Debug|Any CPU.ActiveCfg = Debug|Any CPU
		{C229DC50-3A9C-45B8-AFB2-765234151170}.Debug|Any CPU.Build.0 = Debug|Any CPU
		{C229DC50-3A9C-45B8-AFB2-765234151170}.Release|Any CPU.ActiveCfg = Release|Any CPU
		{C229DC50-3A9C-45B8-AFB2-765234151170}.Release|Any CPU.Build.0 = Release|Any CPU
		{2A471073-3310-447F-91A4-2BBFE65107FA}.Debug|Any CPU.ActiveCfg = Debug|Any CPU
		{2A471073-3310-447F-91A4-2BBFE65107FA}.Debug|Any CPU.Build.0 = Debug|Any CPU
		{2A471073-3310-447F-91A4-2BBFE65107FA}.Release|Any CPU.ActiveCfg = Release|Any CPU
		{2A471073-3310-447F-91A4-2BBFE65107FA}.Release|Any CPU.Build.0 = Release|Any CPU
		{6712C106-6812-47DD-8730-BDB04212956A}.Debug|Any CPU.ActiveCfg = Debug|Any CPU
		{6712C106-6812-47DD-8730-BDB04212956A}.Debug|Any CPU.Build.0 = Debug|Any CPU
		{6712C106-6812-47DD-8730-BDB04212956A}.Release|Any CPU.ActiveCfg = Release|Any CPU
		{6712C106-6812-47DD-8730-BDB04212956A}.Release|Any CPU.Build.0 = Release|Any CPU
		{664D8624-CB84-468D-8CFA-38187255E87C}.Debug|Any CPU.ActiveCfg = Debug|Any CPU
		{664D8624-CB84-468D-8CFA-38187255E87C}.Debug|Any CPU.Build.0 = Debug|Any CPU
		{664D8624-CB84-468D-8CFA-38187255E87C}.Release|Any CPU.ActiveCfg = Release|Any CPU
		{664D8624-CB84-468D-8CFA-38187255E87C}.Release|Any CPU.Build.0 = Release|Any CPU
		{ADB471C5-D0DD-4916-8979-A6EA065E319E}.Debug|Any CPU.ActiveCfg = Debug|Any CPU
		{ADB471C5-D0DD-4916-8979-A6EA065E319E}.Debug|Any CPU.Build.0 = Debug|Any CPU
		{ADB471C5-D0DD-4916-8979-A6EA065E319E}.Release|Any CPU.ActiveCfg = Release|Any CPU
		{ADB471C5-D0DD-4916-8979-A6EA065E319E}.Release|Any CPU.Build.0 = Release|Any CPU
		{91E6E7A7-FB97-4EAD-AD21-326E04036628}.Debug|Any CPU.ActiveCfg = Debug|Any CPU
		{91E6E7A7-FB97-4EAD-AD21-326E04036628}.Debug|Any CPU.Build.0 = Debug|Any CPU
		{91E6E7A7-FB97-4EAD-AD21-326E04036628}.Release|Any CPU.ActiveCfg = Release|Any CPU
		{91E6E7A7-FB97-4EAD-AD21-326E04036628}.Release|Any CPU.Build.0 = Release|Any CPU
	EndGlobalSection
	GlobalSection(SolutionProperties) = preSolution
		HideSolutionNode = FALSE
	EndGlobalSection
	GlobalSection(NestedProjects) = preSolution
		{EFF247A6-51C4-4FE7-8066-519FAEA42B31} = {35ACBB1C-B63E-4651-872C-2BC92622CD5B}
		{B3BF00EF-A8ED-4B01-85F4-3665E9AB3872} = {EFF247A6-51C4-4FE7-8066-519FAEA42B31}
		{DD95D25D-095B-4FDD-842A-362B2E066B02} = {35ACBB1C-B63E-4651-872C-2BC92622CD5B}
		{5F4D7C63-938C-4C4D-B73F-D34287148C20} = {DD95D25D-095B-4FDD-842A-362B2E066B02}
		{74F74F51-4EC2-47F7-A567-0008C9FB0C55} = {EFF247A6-51C4-4FE7-8066-519FAEA42B31}
		{6FC10358-3043-4ABC-B594-B634B52DB35B} = {EFF247A6-51C4-4FE7-8066-519FAEA42B31}
		{7C2E8B65-C792-4A26-B701-0D4CFE3323FE} = {DD95D25D-095B-4FDD-842A-362B2E066B02}
		{4B9B1EB3-9133-4DD3-9DB5-3F5A8ED8FDEC} = {DD95D25D-095B-4FDD-842A-362B2E066B02}
		{6BF28FA7-B6AD-4FE9-AEC2-290BD061274E} = {35ACBB1C-B63E-4651-872C-2BC92622CD5B}
		{8EEF00ED-C282-438C-9F86-D83CFA930C67} = {6BF28FA7-B6AD-4FE9-AEC2-290BD061274E}
		{4E5CB1D6-6A0B-44E2-852E-FBFFE6B10F55} = {6BF28FA7-B6AD-4FE9-AEC2-290BD061274E}
		{32728EEA-3469-4525-A1CD-18A68D51897E} = {6BF28FA7-B6AD-4FE9-AEC2-290BD061274E}
		{43BACF64-6F71-4060-A6E8-02B379B8277E} = {4E5CB1D6-6A0B-44E2-852E-FBFFE6B10F55}
		{4B44DB19-AC3B-4C1A-ADB7-7EE8F5D2CFA0} = {4E5CB1D6-6A0B-44E2-852E-FBFFE6B10F55}
		{4AD38A06-FFE6-4CB1-A981-137930E87B8F} = {8EEF00ED-C282-438C-9F86-D83CFA930C67}
		{7A657E88-BB1D-4DD5-8522-DBBA0DF22793} = {32728EEA-3469-4525-A1CD-18A68D51897E}
		{B106C20C-BF0E-4923-A6ED-CE694EEFA07C} = {B3BF00EF-A8ED-4B01-85F4-3665E9AB3872}
		{4CE6328D-5BE7-4962-9734-AC9444F11BBC} = {74F74F51-4EC2-47F7-A567-0008C9FB0C55}
		{C2D92F60-0119-4FEF-B7DD-24BE20CCBCDC} = {74F74F51-4EC2-47F7-A567-0008C9FB0C55}
		{E61868A1-10E2-4C40-8069-2AA5EE03A0C4} = {6FC10358-3043-4ABC-B594-B634B52DB35B}
		{CBA89A5B-08BF-494D-8DA5-B9B3812AF581} = {5F4D7C63-938C-4C4D-B73F-D34287148C20}
		{3ECFFF94-02D0-465E-8DC7-532707DFE3DC} = {7C2E8B65-C792-4A26-B701-0D4CFE3323FE}
		{EB54B619-1089-4235-9C4E-57B266E88CE2} = {7C2E8B65-C792-4A26-B701-0D4CFE3323FE}
		{50D54C80-5431-487E-B5A6-93B43A0575BF} = {4B9B1EB3-9133-4DD3-9DB5-3F5A8ED8FDEC}
		{C229DC50-3A9C-45B8-AFB2-765234151170} = {6BF28FA7-B6AD-4FE9-AEC2-290BD061274E}
		{2A471073-3310-447F-91A4-2BBFE65107FA} = {EFF247A6-51C4-4FE7-8066-519FAEA42B31}
		{6712C106-6812-47DD-8730-BDB04212956A} = {DD95D25D-095B-4FDD-842A-362B2E066B02}
		{2429114D-3F18-4FE4-977E-A69C8079C8B1} = {35ACBB1C-B63E-4651-872C-2BC92622CD5B}
		{664D8624-CB84-468D-8CFA-38187255E87C} = {2429114D-3F18-4FE4-977E-A69C8079C8B1}
		{19454027-D4AF-4940-828C-558B89F6EAE9} = {35ACBB1C-B63E-4651-872C-2BC92622CD5B}
		{ADB471C5-D0DD-4916-8979-A6EA065E319E} = {19454027-D4AF-4940-828C-558B89F6EAE9}
		{91E6E7A7-FB97-4EAD-AD21-326E04036628} = {2429114D-3F18-4FE4-977E-A69C8079C8B1}
	EndGlobalSection
	GlobalSection(ExtensibilityGlobals) = postSolution
		SolutionGuid = {BB157735-E849-4B30-B87E-43E8BDC621D6}
	EndGlobalSection
EndGlobal
